
Microsoft Visual Studio Solution File, Format Version 12.00
# Visual Studio 2012
Project("{FAE04EC0-301F-11D3-BF4B-00C04F79EFBC}") = "KMTracker", "KMTracker\KMTracker.csproj", "{9CB2BE18-D303-483E-A24C-C7609075D061}"
EndProject
Project("{FAE04EC0-301F-11D3-BF4B-00C04F79EFBC}") = "KMTracker.iOS", "iOS\KMTracker.iOS.csproj", "{4591C3BF-4640-4C6D-9B52-5565E8192382}"
EndProject
Project("{FAE04EC0-301F-11D3-BF4B-00C04F79EFBC}") = "KMTracker.Droid", "Droid\KMTracker.Droid.csproj", "{7F8B1F6A-7DBE-4590-9F55-3BBBC0D4AB0C}"
EndProject
Global
	GlobalSection(SolutionConfigurationPlatforms) = preSolution
		Debug|Any CPU = Debug|Any CPU
		Release|Any CPU = Release|Any CPU
		Debug|iPhoneSimulator = Debug|iPhoneSimulator
		Release|iPhone = Release|iPhone
		Release|iPhoneSimulator = Release|iPhoneSimulator
		Debug|iPhone = Debug|iPhone
	EndGlobalSection
	GlobalSection(ProjectConfigurationPlatforms) = postSolution
		{9CB2BE18-D303-483E-A24C-C7609075D061}.Debug|Any CPU.ActiveCfg = Debug|Any CPU
		{9CB2BE18-D303-483E-A24C-C7609075D061}.Debug|Any CPU.Build.0 = Debug|Any CPU
		{9CB2BE18-D303-483E-A24C-C7609075D061}.Release|Any CPU.ActiveCfg = Release|Any CPU
		{9CB2BE18-D303-483E-A24C-C7609075D061}.Release|Any CPU.Build.0 = Release|Any CPU
		{9CB2BE18-D303-483E-A24C-C7609075D061}.Debug|iPhoneSimulator.ActiveCfg = Debug|Any CPU
		{9CB2BE18-D303-483E-A24C-C7609075D061}.Debug|iPhoneSimulator.Build.0 = Debug|Any CPU
		{9CB2BE18-D303-483E-A24C-C7609075D061}.Release|iPhone.ActiveCfg = Release|Any CPU
		{9CB2BE18-D303-483E-A24C-C7609075D061}.Release|iPhone.Build.0 = Release|Any CPU
		{9CB2BE18-D303-483E-A24C-C7609075D061}.Release|iPhoneSimulator.ActiveCfg = Release|Any CPU
		{9CB2BE18-D303-483E-A24C-C7609075D061}.Release|iPhoneSimulator.Build.0 = Release|Any CPU
		{9CB2BE18-D303-483E-A24C-C7609075D061}.Debug|iPhone.ActiveCfg = Debug|Any CPU
		{9CB2BE18-D303-483E-A24C-C7609075D061}.Debug|iPhone.Build.0 = Debug|Any CPU
		{4591C3BF-4640-4C6D-9B52-5565E8192382}.Debug|Any CPU.ActiveCfg = Debug|iPhoneSimulator
		{4591C3BF-4640-4C6D-9B52-5565E8192382}.Debug|Any CPU.Build.0 = Debug|iPhoneSimulator
		{4591C3BF-4640-4C6D-9B52-5565E8192382}.Release|Any CPU.ActiveCfg = Debug|iPhoneSimulator
		{4591C3BF-4640-4C6D-9B52-5565E8192382}.Release|Any CPU.Build.0 = Debug|iPhoneSimulator
		{4591C3BF-4640-4C6D-9B52-5565E8192382}.Debug|iPhoneSimulator.ActiveCfg = Debug|iPhoneSimulator
		{4591C3BF-4640-4C6D-9B52-5565E8192382}.Debug|iPhoneSimulator.Build.0 = Debug|iPhoneSimulator
		{4591C3BF-4640-4C6D-9B52-5565E8192382}.Release|iPhone.ActiveCfg = Release|iPhone
		{4591C3BF-4640-4C6D-9B52-5565E8192382}.Release|iPhone.Build.0 = Release|iPhone
		{4591C3BF-4640-4C6D-9B52-5565E8192382}.Release|iPhoneSimulator.ActiveCfg = Release|iPhoneSimulator
		{4591C3BF-4640-4C6D-9B52-5565E8192382}.Release|iPhoneSimulator.Build.0 = Release|iPhoneSimulator
		{4591C3BF-4640-4C6D-9B52-5565E8192382}.Debug|iPhone.ActiveCfg = Debug|iPhone
		{4591C3BF-4640-4C6D-9B52-5565E8192382}.Debug|iPhone.Build.0 = Debug|iPhone
		{7F8B1F6A-7DBE-4590-9F55-3BBBC0D4AB0C}.Debug|Any CPU.ActiveCfg = Debug|Any CPU
		{7F8B1F6A-7DBE-4590-9F55-3BBBC0D4AB0C}.Debug|Any CPU.Build.0 = Debug|Any CPU
		{7F8B1F6A-7DBE-4590-9F55-3BBBC0D4AB0C}.Release|Any CPU.ActiveCfg = Release|Any CPU
		{7F8B1F6A-7DBE-4590-9F55-3BBBC0D4AB0C}.Release|Any CPU.Build.0 = Release|Any CPU
		{7F8B1F6A-7DBE-4590-9F55-3BBBC0D4AB0C}.Debug|iPhoneSimulator.ActiveCfg = Debug|Any CPU
		{7F8B1F6A-7DBE-4590-9F55-3BBBC0D4AB0C}.Debug|iPhoneSimulator.Build.0 = Debug|Any CPU
		{7F8B1F6A-7DBE-4590-9F55-3BBBC0D4AB0C}.Release|iPhone.ActiveCfg = Release|Any CPU
		{7F8B1F6A-7DBE-4590-9F55-3BBBC0D4AB0C}.Release|iPhone.Build.0 = Release|Any CPU
		{7F8B1F6A-7DBE-4590-9F55-3BBBC0D4AB0C}.Release|iPhoneSimulator.ActiveCfg = Release|Any CPU
		{7F8B1F6A-7DBE-4590-9F55-3BBBC0D4AB0C}.Release|iPhoneSimulator.Build.0 = Release|Any CPU
		{7F8B1F6A-7DBE-4590-9F55-3BBBC0D4AB0C}.Debug|iPhone.ActiveCfg = Debug|Any CPU
		{7F8B1F6A-7DBE-4590-9F55-3BBBC0D4AB0C}.Debug|iPhone.Build.0 = Debug|Any CPU
	EndGlobalSection
EndGlobal
